
Microsoft Visual Studio Solution File, Format Version 12.00
# Visual Studio Version 17
VisualStudioVersion = 17.13.35818.85 d17.13
MinimumVisualStudioVersion = 10.0.40219.1
Project("{FAE04EC0-301F-11D3-BF4B-00C04F79EFBC}") = "A-Mapping2", "A-Mapping2\A-Mapping2.csproj", "{49E99F96-7374-4093-B781-BDE34E1117DC}"
EndProject
Global
	GlobalSection(SolutionConfigurationPlatforms) = preSolution
		Debug|Any CPU = Debug|Any CPU
		Release|Any CPU = Release|Any CPU
	EndGlobalSection
	GlobalSection(ProjectConfigurationPlatforms) = postSolution
		{49E99F96-7374-4093-B781-BDE34E1117DC}.Debug|Any CPU.ActiveCfg = Debug|Any CPU
		{49E99F96-7374-4093-B781-BDE34E1117DC}.Debug|Any CPU.Build.0 = Debug|Any CPU
		{49E99F96-7374-4093-B781-BDE34E1117DC}.Release|Any CPU.ActiveCfg = Release|Any CPU
		{49E99F96-7374-4093-B781-BDE34E1117DC}.Release|Any CPU.Build.0 = Release|Any CPU
	EndGlobalSection
	GlobalSection(SolutionProperties) = preSolution
		HideSolutionNode = FALSE
	EndGlobalSection
	GlobalSection(ExtensibilityGlobals) = postSolution
		SolutionGuid = {93DB6FF5-D874-4316-A74D-6F4964A02C76}
	EndGlobalSection
EndGlobal
